// !$*UTF8*$!
{
	archiveVersion = 1;
	classes = {
	};
	objectVersion = 46;
	objects = {

/* Begin PBXBuildFile section */
		AF20A81B1DBD0949005048D8 /* main.cpp in Sources */ = {isa = PBXBuildFile; fileRef = AF20A81A1DBD0949005048D8 /* main.cpp */; };
		AF20A8231DBD21EC005048D8 /* libopencv_core.2.4.13.dylib in Frameworks */ = {isa = PBXBuildFile; fileRef = AF20A8221DBD21EC005048D8 /* libopencv_core.2.4.13.dylib */; };
		AF20A8261DBD2243005048D8 /* libopencv_highgui.2.4.13.dylib in Frameworks */ = {isa = PBXBuildFile; fileRef = AF20A8241DBD2243005048D8 /* libopencv_highgui.2.4.13.dylib */; };
		AF20A8271DBD2243005048D8 /* libopencv_imgproc.2.4.13.dylib in Frameworks */ = {isa = PBXBuildFile; fileRef = AF20A8251DBD2243005048D8 /* libopencv_imgproc.2.4.13.dylib */; };
		AFD3BF911DBD518300E27C1F /* red-pixel-detection.cpp in Sources */ = {isa = PBXBuildFile; fileRef = AFD3BF901DBD518300E27C1F /* red-pixel-detection.cpp */; };
		AFD3BF931DBEBE0F00E27C1F /* libopencv_photo.2.4.13.dylib in Frameworks */ = {isa = PBXBuildFile; fileRef = AFD3BF921DBEBE0F00E27C1F /* libopencv_photo.2.4.13.dylib */; };
/* End PBXBuildFile section */

/* Begin PBXCopyFilesBuildPhase section */
		AF20A8151DBD0948005048D8 /* CopyFiles */ = {
			isa = PBXCopyFilesBuildPhase;
			buildActionMask = 2147483647;
			dstPath = /usr/share/man/man1/;
			dstSubfolderSpec = 0;
			files = (
			);
			runOnlyForDeploymentPostprocessing = 1;
		};
/* End PBXCopyFilesBuildPhase section */

/* Begin PBXFileReference section */
		AF20A8171DBD0949005048D8 /* vision1 */ = {isa = PBXFileReference; explicitFileType = "compiled.mach-o.executable"; includeInIndex = 0; path = vision1; sourceTree = BUILT_PRODUCTS_DIR; };
		AF20A81A1DBD0949005048D8 /* main.cpp */ = {isa = PBXFileReference; lastKnownFileType = sourcecode.cpp.cpp; path = main.cpp; sourceTree = "<group>"; };
		AF20A8221DBD21EC005048D8 /* libopencv_core.2.4.13.dylib */ = {isa = PBXFileReference; lastKnownFileType = "compiled.mach-o.dylib"; path = libopencv_core.2.4.13.dylib; sourceTree = "<group>"; };
		AF20A8241DBD2243005048D8 /* libopencv_highgui.2.4.13.dylib */ = {isa = PBXFileReference; lastKnownFileType = "compiled.mach-o.dylib"; path = libopencv_highgui.2.4.13.dylib; sourceTree = "<group>"; };
		AF20A8251DBD2243005048D8 /* libopencv_imgproc.2.4.13.dylib */ = {isa = PBXFileReference; lastKnownFileType = "compiled.mach-o.dylib"; path = libopencv_imgproc.2.4.13.dylib; sourceTree = "<group>"; };
		AFD3BF901DBD518300E27C1F /* red-pixel-detection.cpp */ = {isa = PBXFileReference; fileEncoding = 4; lastKnownFileType = sourcecode.cpp.cpp; path = "red-pixel-detection.cpp"; sourceTree = "<group>"; };
		AFD3BF921DBEBE0F00E27C1F /* libopencv_photo.2.4.13.dylib */ = {isa = PBXFileReference; lastKnownFileType = "compiled.mach-o.dylib"; path = libopencv_photo.2.4.13.dylib; sourceTree = "<group>"; };
/* End PBXFileReference section */

/* Begin PBXFrameworksBuildPhase section */
		AF20A8141DBD0948005048D8 /* Frameworks */ = {
			isa = PBXFrameworksBuildPhase;
			buildActionMask = 2147483647;
			files = (
				AF20A8261DBD2243005048D8 /* libopencv_highgui.2.4.13.dylib in Frameworks */,
				AFD3BF931DBEBE0F00E27C1F /* libopencv_photo.2.4.13.dylib in Frameworks */,
				AF20A8271DBD2243005048D8 /* libopencv_imgproc.2.4.13.dylib in Frameworks */,
				AF20A8231DBD21EC005048D8 /* libopencv_core.2.4.13.dylib in Frameworks */,
			);
			runOnlyForDeploymentPostprocessing = 0;
		};
/* End PBXFrameworksBuildPhase section */

/* Begin PBXGroup section */
		AF20A80E1DBD0948005048D8 = {
			isa = PBXGroup;
			children = (
				AFD3BF921DBEBE0F00E27C1F /* libopencv_photo.2.4.13.dylib */,
				AF20A8241DBD2243005048D8 /* libopencv_highgui.2.4.13.dylib */,
				AF20A8251DBD2243005048D8 /* libopencv_imgproc.2.4.13.dylib */,
				AF20A8221DBD21EC005048D8 /* libopencv_core.2.4.13.dylib */,
				AF20A8191DBD0949005048D8 /* vision1 */,
				AF20A8181DBD0949005048D8 /* Products */,
			);
			sourceTree = "<group>";
		};
		AF20A8181DBD0949005048D8 /* Products */ = {
			isa = PBXGroup;
			children = (
				AF20A8171DBD0949005048D8 /* vision1 */,
			);
			name = Products;
			sourceTree = "<group>";
		};
		AF20A8191DBD0949005048D8 /* vision1 */ = {
			isa = PBXGroup;
			children = (
				AF20A81A1DBD0949005048D8 /* main.cpp */,
				AFD3BF901DBD518300E27C1F /* red-pixel-detection.cpp */,
			);
			path = vision1;
			sourceTree = "<group>";
		};
/* End PBXGroup section */

/* Begin PBXNativeTarget section */
		AF20A8161DBD0948005048D8 /* vision1 */ = {
			isa = PBXNativeTarget;
			buildConfigurationList = AF20A81E1DBD0949005048D8 /* Build configuration list for PBXNativeTarget "vision1" */;
			buildPhases = (
				AF20A8131DBD0948005048D8 /* Sources */,
				AF20A8141DBD0948005048D8 /* Frameworks */,
				AF20A8151DBD0948005048D8 /* CopyFiles */,
			);
			buildRules = (
			);
			dependencies = (
			);
			name = vision1;
			productName = vision1;
			productReference = AF20A8171DBD0949005048D8 /* vision1 */;
			productType = "com.apple.product-type.tool";
		};
/* End PBXNativeTarget section */

/* Begin PBXProject section */
		AF20A80F1DBD0948005048D8 /* Project object */ = {
			isa = PBXProject;
			attributes = {
				LastUpgradeCheck = 0800;
				ORGANIZATIONNAME = Trinity;
				TargetAttributes = {
					AF20A8161DBD0948005048D8 = {
						CreatedOnToolsVersion = 8.0;
						DevelopmentTeam = TN8HREY2Z4;
						ProvisioningStyle = Automatic;
					};
				};
			};
			buildConfigurationList = AF20A8121DBD0948005048D8 /* Build configuration list for PBXProject "vision1" */;
			compatibilityVersion = "Xcode 3.2";
			developmentRegion = English;
			hasScannedForEncodings = 0;
			knownRegions = (
				en,
			);
			mainGroup = AF20A80E1DBD0948005048D8;
			productRefGroup = AF20A8181DBD0949005048D8 /* Products */;
			projectDirPath = "";
			projectRoot = "";
			targets = (
				AF20A8161DBD0948005048D8 /* vision1 */,
			);
		};
/* End PBXProject section */

/* Begin PBXSourcesBuildPhase section */
		AF20A8131DBD0948005048D8 /* Sources */ = {
			isa = PBXSourcesBuildPhase;
			buildActionMask = 2147483647;
			files = (
				AFD3BF911DBD518300E27C1F /* red-pixel-detection.cpp in Sources */,
				AF20A81B1DBD0949005048D8 /* main.cpp in Sources */,
			);
			runOnlyForDeploymentPostprocessing = 0;
		};
/* End PBXSourcesBuildPhase section */

/* Begin XCBuildConfiguration section */
		AF20A81C1DBD0949005048D8 /* Debug */ = {
			isa = XCBuildConfiguration;
			buildSettings = {
				ALWAYS_SEARCH_USER_PATHS = NO;
				CLANG_ANALYZER_NONNULL = YES;
				CLANG_CXX_LANGUAGE_STANDARD = "gnu++0x";
				CLANG_CXX_LIBRARY = "libc++";
				CLANG_ENABLE_MODULES = YES;
				CLANG_ENABLE_OBJC_ARC = YES;
				CLANG_WARN_BOOL_CONVERSION = YES;
				CLANG_WARN_CONSTANT_CONVERSION = YES;
				CLANG_WARN_DIRECT_OBJC_ISA_USAGE = YES_ERROR;
				CLANG_WARN_DOCUMENTATION_COMMENTS = YES;
				CLANG_WARN_EMPTY_BODY = YES;
				CLANG_WARN_ENUM_CONVERSION = YES;
				CLANG_WARN_INFINITE_RECURSION = YES;
				CLANG_WARN_INT_CONVERSION = YES;
				CLANG_WARN_OBJC_ROOT_CLASS = YES_ERROR;
				CLANG_WARN_SUSPICIOUS_MOVES = YES;
				CLANG_WARN_UNREACHABLE_CODE = YES;
				CLANG_WARN__DUPLICATE_METHOD_MATCH = YES;
				CODE_SIGN_IDENTITY = "-";
				COPY_PHASE_STRIP = NO;
				DEBUG_INFORMATION_FORMAT = dwarf;
				ENABLE_STRICT_OBJC_MSGSEND = YES;
				ENABLE_TESTABILITY = YES;
				GCC_C_LANGUAGE_STANDARD = gnu99;
				GCC_DYNAMIC_NO_PIC = NO;
				GCC_NO_COMMON_BLOCKS = YES;
				GCC_OPTIMIZATION_LEVEL = 0;
				GCC_PREPROCESSOR_DEFINITIONS = (
					"DEBUG=1",
					"$(inherited)",
				);
				GCC_WARN_64_TO_32_BIT_CONVERSION = YES;
				GCC_WARN_ABOUT_RETURN_TYPE = YES_ERROR;
				GCC_WARN_UNDECLARED_SELECTOR = YES;
				GCC_WARN_UNINITIALIZED_AUTOS = YES_AGGRESSIVE;
				GCC_WARN_UNUSED_FUNCTION = YES;
				GCC_WARN_UNUSED_VARIABLE = YES;
				MACOSX_DEPLOYMENT_TARGET = 10.12;
				MTL_ENABLE_DEBUG_INFO = YES;
				ONLY_ACTIVE_ARCH = YES;
				SDKROOT = macosx;
			};
			name = Debug;
		};
		AF20A81D1DBD0949005048D8 /* Release */ = {
			isa = XCBuildConfiguration;
			buildSettings = {
				ALWAYS_SEARCH_USER_PATHS = NO;
				CLANG_ANALYZER_NONNULL = YES;
				CLANG_CXX_LANGUAGE_STANDARD = "gnu++0x";
				CLANG_CXX_LIBRARY = "libc++";
				CLANG_ENABLE_MODULES = YES;
				CLANG_ENABLE_OBJC_ARC = YES;
				CLANG_WARN_BOOL_CONVERSION = YES;
				CLANG_WARN_CONSTANT_CONVERSION = YES;
				CLANG_WARN_DIRECT_OBJC_ISA_USAGE = YES_ERROR;
				CLANG_WARN_DOCUMENTATION_COMMENTS = YES;
				CLANG_WARN_EMPTY_BODY = YES;
				CLANG_WARN_ENUM_CONVERSION = YES;
				CLANG_WARN_INFINITE_RECURSION = YES;
				CLANG_WARN_INT_CONVERSION = YES;
				CLANG_WARN_OBJC_ROOT_CLASS = YES_ERROR;
				CLANG_WARN_SUSPICIOUS_MOVES = YES;
				CLANG_WARN_UNREACHABLE_CODE = YES;
				CLANG_WARN__DUPLICATE_METHOD_MATCH = YES;
				CODE_SIGN_IDENTITY = "-";
				COPY_PHASE_STRIP = NO;
				DEBUG_INFORMATION_FORMAT = "dwarf-with-dsym";
				ENABLE_NS_ASSERTIONS = NO;
				ENABLE_STRICT_OBJC_MSGSEND = YES;
				GCC_C_LANGUAGE_STANDARD = gnu99;
				GCC_NO_COMMON_BLOCKS = YES;
				GCC_WARN_64_TO_32_BIT_CONVERSION = YES;
				GCC_WARN_ABOUT_RETURN_TYPE = YES_ERROR;
				GCC_WARN_UNDECLARED_SELECTOR = YES;
				GCC_WARN_UNINITIALIZED_AUTOS = YES_AGGRESSIVE;
				GCC_WARN_UNUSED_FUNCTION = YES;
				GCC_WARN_UNUSED_VARIABLE = YES;
				MACOSX_DEPLOYMENT_TARGET = 10.12;
				MTL_ENABLE_DEBUG_INFO = NO;
				SDKROOT = macosx;
			};
			name = Release;
		};
		AF20A81F1DBD0949005048D8 /* Debug */ = {
			isa = XCBuildConfiguration;
			buildSettings = {
				DEVELOPMENT_TEAM = TN8HREY2Z4;
				FRAMEWORK_SEARCH_PATHS = /usr/local/lib;
				HEADER_SEARCH_PATHS = /usr/local/include;
				LIBRARY_SEARCH_PATHS = (
					"/Users/saurabhpathak/Documents/libraries/opencv-2.4.13/build/lib",
					"$(PROJECT_DIR)",
				);
				PRODUCT_NAME = "$(TARGET_NAME)";
			};
			name = Debug;
		};
		AF20A8201DBD0949005048D8 /* Release */ = {
			isa = XCBuildConfiguration;
			buildSettings = {
				DEVELOPMENT_TEAM = TN8HREY2Z4;
				FRAMEWORK_SEARCH_PATHS = /usr/local/lib;
				HEADER_SEARCH_PATHS = /usr/local/include;
				LIBRARY_SEARCH_PATHS = (
					"/Users/saurabhpathak/Documents/libraries/opencv-2.4.13/build/lib",
					"$(PROJECT_DIR)",
				);
				PRODUCT_NAME = "$(TARGET_NAME)";
			};
			name = Release;
		};
/* End XCBuildConfiguration section */

/* Begin XCConfigurationList section */
		AF20A8121DBD0948005048D8 /* Build configuration list for PBXProject "vision1" */ = {
			isa = XCConfigurationList;
			buildConfigurations = (
				AF20A81C1DBD0949005048D8 /* Debug */,
				AF20A81D1DBD0949005048D8 /* Release */,
			);
			defaultConfigurationIsVisible = 0;
			defaultConfigurationName = Release;
		};
		AF20A81E1DBD0949005048D8 /* Build configuration list for PBXNativeTarget "vision1" */ = {
			isa = XCConfigurationList;
			buildConfigurations = (
				AF20A81F1DBD0949005048D8 /* Debug */,
				AF20A8201DBD0949005048D8 /* Release */,
			);
			defaultConfigurationIsVisible = 0;
			defaultConfigurationName = Release;
		};
/* End XCConfigurationList section */
	};
	rootObject = AF20A80F1DBD0948005048D8 /* Project object */;
}
